lockfileVersion: 5.3

specifiers:
  '@types/node': ^16.3.2
  '@vitejs/plugin-vue': ^1.2.5
  '@vue/compiler-sfc': ^3.0.5
  ant-design-vue: ^2.2.2
  axios: ^0.21.1
  less: ^4.1.1
  store2: ^2.12.0
  typescript: ^4.3.2
  vite: ^2.4.2
  vue: ^3.0.5
  vue-router: '4'
  vue-tsc: ^0.0.24
  vuex: ^4.0.2

dependencies:
  ant-design-vue: 2.2.2_d9080d0ec81e3398af383519f1589efc
  axios: 0.21.1
  store2: 2.12.0
  vue: 3.1.5
  vue-router: 4.0.10_vue@3.1.5
  vuex: 4.0.2_vue@3.1.5

devDependencies:
  '@types/node': 16.4.3
  '@vitejs/plugin-vue': 1.2.5_@vue+compiler-sfc@3.1.5
  '@vue/compiler-sfc': 3.1.5_vue@3.1.5
  less: 4.1.1
  typescript: 4.3.5
  vite: 2.4.3
  vue-tsc: 0.0.24

packages:

  /@ant-design/colors/5.1.1:
    resolution: {integrity: sha1-gAshhrHifmZDLmfQPtlq8+IdiUA=, tarball: https://r.cnpmjs.org/@ant-design/colors/download/@ant-design/colors-5.1.1.tgz}
    dependencies:
      '@ctrl/tinycolor': 3.4.0
    dev: false

  /@ant-design/icons-svg/4.1.0:
    resolution: {integrity: sha1-SAsCX0sg73/o9H1KSEbk/uhOoGw=, tarball: https://r.cnpmjs.org/@ant-design/icons-svg/download/@ant-design/icons-svg-4.1.0.tgz}
    dev: false

  /@ant-design/icons-vue/6.0.1_vue@3.1.5:
    resolution: {integrity: sha1-nYBMPHTSz6+XyxjlgtO5QAk09f0=, tarball: https://r.cnpmjs.org/@ant-design/icons-vue/download/@ant-design/icons-vue-6.0.1.tgz}
    peerDependencies:
      vue: '>=3.0.3'
    dependencies:
      '@ant-design/colors': 5.1.1
      '@ant-design/icons-svg': 4.1.0
      '@types/lodash': 4.14.171
      lodash: 4.17.21
      vue: 3.1.5
    dev: false

  /@babel/helper-validator-identifier/7.14.8:
    resolution: {integrity: sha1-Mr4zp1bynieKDWRPoIosng+Io0w=, tarball: https://r.cnpmjs.org/@babel/helper-validator-identifier/download/@babel/helper-validator-identifier-7.14.8.tgz}
    engines: {node: '>=6.9.0'}

  /@babel/parser/7.14.8:
    resolution: {integrity: sha1-Zv1BZmste4QL1azn90FtWsYCCNQ=, tarball: https://r.cnpmjs.org/@babel/parser/download/@babel/parser-7.14.8.tgz}
    engines: {node: '>=6.0.0'}
    hasBin: true

  /@babel/runtime/7.14.8:
    resolution: {integrity: sha1-cRmlb0IQGIUmlCkLn5FICXORtEY=, tarball: https://r.cnpmjs.org/@babel/runtime/download/@babel/runtime-7.14.8.tgz}
    engines: {node: '>=6.9.0'}
    dependencies:
      regenerator-runtime: 0.13.9
    dev: false

  /@babel/types/7.14.8:
    resolution: {integrity: sha1-OBCd6PytwGQV+9m3TfAGXU1Bxyg=, tarball: https://r.cnpmjs.org/@babel/types/download/@babel/types-7.14.8.tgz}
    engines: {node: '>=6.9.0'}
    dependencies:
      '@babel/helper-validator-identifier': 7.14.8
      to-fast-properties: 2.0.0

  /@ctrl/tinycolor/3.4.0:
    resolution: {integrity: sha1-w8WuVDyJfKqcKmhjC+01W+X5mQ8=, tarball: https://r.cnpmjs.org/@ctrl/tinycolor/download/@ctrl/tinycolor-3.4.0.tgz}
    engines: {node: '>=10'}
    dev: false

  /@simonwep/pickr/1.8.1:
    resolution: {integrity: sha1-4TbL2cNF3bt9cesUr1RMeYFl1JU=, tarball: https://r.cnpmjs.org/@simonwep/pickr/download/@simonwep/pickr-1.8.1.tgz}
    dependencies:
      core-js: 3.15.2
      nanopop: 2.1.0
    dev: false

  /@types/estree/0.0.48:
    resolution: {integrity: sha1-GNyAkbKF35DbLyWqfZBs/DlLf3Q=, tarball: https://r.cnpmjs.org/@types/estree/download/@types/estree-0.0.48.tgz}
    dev: true

  /@types/lodash/4.14.171:
    resolution: {integrity: sha1-8Bs6X+NJnjS2IsNipGpgn9sjVzs=, tarball: https://r.cnpmjs.org/@types/lodash/download/@types/lodash-4.14.171.tgz}
    dev: false

  /@types/node/16.4.3:
    resolution: {integrity: sha1-wBwaIVch9t7HG0fYi0aHRjYBukg=, tarball: https://r.cnpmjs.org/@types/node/download/@types/node-16.4.3.tgz}
    dev: true

  /@vitejs/plugin-vue/1.2.5_@vue+compiler-sfc@3.1.5:
    resolution: {integrity: sha1-733EqS5T/oZrVLzBJmeIUTJirAk=, tarball: https://r.cnpmjs.org/@vitejs/plugin-vue/download/@vitejs/plugin-vue-1.2.5.tgz}
    engines: {node: '>=12.0.0'}
    peerDependencies:
      '@vue/compiler-sfc': ^3.0.8
    dependencies:
      '@vue/compiler-sfc': 3.1.5_vue@3.1.5
    dev: true

  /@vue/compiler-core/3.1.5:
    resolution: {integrity: sha1-KY+QW2Bl1tgf9jdW+Yxgh2s5PIc=, tarball: https://r.cnpmjs.org/@vue/compiler-core/download/@vue/compiler-core-3.1.5.tgz}
    dependencies:
      '@babel/parser': 7.14.8
      '@babel/types': 7.14.8
      '@vue/shared': 3.1.5
      estree-walker: 2.0.2
      source-map: 0.6.1

  /@vue/compiler-dom/3.1.5:
    resolution: {integrity: sha1-y7lwIMYqX6o/vCqXkWvZgEGsmFY=, tarball: https://r.cnpmjs.org/@vue/compiler-dom/download/@vue/compiler-dom-3.1.5.tgz}
    dependencies:
      '@vue/compiler-core': 3.1.5
      '@vue/shared': 3.1.5

  /@vue/compiler-sfc/3.1.5_vue@3.1.5:
    resolution: {integrity: sha1-5h5U86ljsPSo5SP7uGMjkNxSsNY=, tarball: https://r.cnpmjs.org/@vue/compiler-sfc/download/@vue/compiler-sfc-3.1.5.tgz}
    peerDependencies:
      vue: 3.1.5
    dependencies:
      '@babel/parser': 7.14.8
      '@babel/types': 7.14.8
      '@types/estree': 0.0.48
      '@vue/compiler-core': 3.1.5
      '@vue/compiler-dom': 3.1.5
      '@vue/compiler-ssr': 3.1.5
      '@vue/shared': 3.1.5
      consolidate: 0.16.0
      estree-walker: 2.0.2
      hash-sum: 2.0.0
      lru-cache: 5.1.1
      magic-string: 0.25.7
      merge-source-map: 1.1.0
      postcss: 8.3.6
      postcss-modules: 4.2.2_postcss@8.3.6
      postcss-selector-parser: 6.0.6
      source-map: 0.6.1
      vue: 3.1.5
    dev: true

  /@vue/compiler-ssr/3.1.5:
    resolution: {integrity: sha1-8GhlJ3QpMlah5TCEvtSKZ2gt+dI=, tarball: https://r.cnpmjs.org/@vue/compiler-ssr/download/@vue/compiler-ssr-3.1.5.tgz}
    dependencies:
      '@vue/compiler-dom': 3.1.5
      '@vue/shared': 3.1.5
    dev: true

  /@vue/devtools-api/6.0.0-beta.15:
    resolution: {integrity: sha1-rXyzhOBi8WW8+cg3MhJb/7wq2D0=, tarball: https://r.cnpmjs.org/@vue/devtools-api/download/@vue/devtools-api-6.0.0-beta.15.tgz}
    dev: false

  /@vue/reactivity/3.1.5:
    resolution: {integrity: sha1-2+xNlVf3yPJcJjXbHiOninKeuZE=, tarball: https://r.cnpmjs.org/@vue/reactivity/download/@vue/reactivity-3.1.5.tgz}
    dependencies:
      '@vue/shared': 3.1.5
    dev: false

  /@vue/runtime-core/3.1.5:
    resolution: {integrity: sha1-pUW38UYJKSnLXoM+hUORUPF6yHs=, tarball: https://r.cnpmjs.org/@vue/runtime-core/download/@vue/runtime-core-3.1.5.tgz}
    dependencies:
      '@vue/reactivity': 3.1.5
      '@vue/shared': 3.1.5
    dev: false

  /@vue/runtime-dom/3.1.5:
    resolution: {integrity: sha1-T6KJR9QIqjaPoX6g7cG+ua8UcqE=, tarball: https://r.cnpmjs.org/@vue/runtime-dom/download/@vue/runtime-dom-3.1.5.tgz}
    dependencies:
      '@vue/runtime-core': 3.1.5
      '@vue/shared': 3.1.5
      csstype: 2.6.17
    dev: false

  /@vue/shared/3.1.5:
    resolution: {integrity: sha1-dO46rZldCjmWpruVM9TSgFFO3gM=, tarball: https://r.cnpmjs.org/@vue/shared/download/@vue/shared-3.1.5.tgz}

  /ant-design-vue/2.2.2_d9080d0ec81e3398af383519f1589efc:
    resolution: {integrity: sha1-GXOIWDxOC4zNnFDtGYMe3ifCuRk=, tarball: https://r.cnpmjs.org/ant-design-vue/download/ant-design-vue-2.2.2.tgz}
    peerDependencies:
      '@vue/compiler-sfc': '>=3.1.0'
      vue: '>=3.1.0'
    dependencies:
      '@ant-design/icons-vue': 6.0.1_vue@3.1.5
      '@babel/runtime': 7.14.8
      '@simonwep/pickr': 1.8.1
      '@vue/compiler-sfc': 3.1.5_vue@3.1.5
      array-tree-filter: 2.1.0
      async-validator: 3.5.2
      dom-align: 1.12.2
      dom-scroll-into-view: 2.0.1
      lodash: 4.17.21
      lodash-es: 4.17.21
      moment: 2.29.1
      omit.js: 2.0.2
      scroll-into-view-if-needed: 2.2.28
      shallow-equal: 1.2.1
      vue: 3.1.5
      vue-types: 3.0.2_vue@3.1.5
      warning: 4.0.3
    dev: false

  /array-tree-filter/2.1.0:
    resolution: {integrity: sha1-hzrAD+yDdJ8lWsjdCDgUtPYykZA=, tarball: https://r.cnpmjs.org/array-tree-filter/download/array-tree-filter-2.1.0.tgz}
    dev: false

  /async-validator/3.5.2:
    resolution: {integrity: sha1-aOhmqWgk6LJpT/eoMcGiXETV5QA=, tarball: https://r.cnpmjs.org/async-validator/download/async-validator-3.5.2.tgz}
    dev: false

  /axios/0.21.1:
    resolution: {integrity: sha1-IlY0gZYvTWvemnbVFu8OXTwJsrg=, tarball: https://r.cnpmjs.org/axios/download/axios-0.21.1.tgz}
    dependencies:
      follow-redirects: 1.14.1
    dev: false

  /balanced-match/1.0.2:
    resolution: {integrity: sha1-6D46fj8wCzTLnYf2FfoMvzV2kO4=, tarball: https://r.cnpmjs.org/balanced-match/download/balanced-match-1.0.2.tgz}
    dev: true

  /big-integer/1.6.48:
    resolution: {integrity: sha1-j9iL0WMsukocjD49cVnwi7lbS54=, tarball: https://r.cnpmjs.org/big-integer/download/big-integer-1.6.48.tgz}
    engines: {node: '>=0.6'}
    dev: true

  /big.js/5.2.2:
    resolution: {integrity: sha1-ZfCvOC9Xi83HQr2cKB6cstd2gyg=, tarball: https://r.cnpmjs.org/big.js/download/big.js-5.2.2.tgz}
    dev: true

  /binary/0.3.0:
    resolution: {integrity: sha1-n2BVO8XOjDOG87VTz/R0Yq3sqnk=, tarball: https://r.cnpmjs.org/binary/download/binary-0.3.0.tgz}
    dependencies:
      buffers: 0.1.1
      chainsaw: 0.1.0
    dev: true

  /bluebird/3.4.7:
    resolution: {integrity: sha1-9y12C+Cbf3bQjtj66Ysomo0F+rM=, tarball: https://r.cnpmjs.org/bluebird/download/bluebird-3.4.7.tgz}
    dev: true

  /bluebird/3.7.2:
    resolution: {integrity: sha1-nyKcFb4nJFT/qXOs4NvueaGww28=, tarball: https://r.cnpmjs.org/bluebird/download/bluebird-3.7.2.tgz}
    dev: true

  /brace-expansion/1.1.11:
    resolution: {integrity: sha1-PH/L9SnYcibz0vUrlm/1Jx60Qd0=, tarball: https://r.cnpmjs.org/brace-expansion/download/brace-expansion-1.1.11.tgz}
    dependencies:
      balanced-match: 1.0.2
      concat-map: 0.0.1
    dev: true

  /buffer-indexof-polyfill/1.0.2:
    resolution: {integrity: sha1-0nMhNcWZnGSyd/z5savjSYJUcpw=, tarball: https://r.cnpmjs.org/buffer-indexof-polyfill/download/buffer-indexof-polyfill-1.0.2.tgz}
    engines: {node: '>=0.10'}
    dev: true

  /buffers/0.1.1:
    resolution: {integrity: sha1-skV5w77U1tOWru5tmorn9Ugqt7s=, tarball: https://r.cnpmjs.org/buffers/download/buffers-0.1.1.tgz}
    engines: {node: '>=0.2.0'}
    dev: true

  /chainsaw/0.1.0:
    resolution: {integrity: sha1-XqtQsor+WAdNDVgpE4iCi15fvJg=, tarball: https://r.cnpmjs.org/chainsaw/download/chainsaw-0.1.0.tgz}
    dependencies:
      traverse: 0.3.9
    dev: true

  /colorette/1.2.2:
    resolution: {integrity: sha1-y8x51emcrqLb8Q6zom/Ys+as+pQ=, tarball: https://r.cnpmjs.org/colorette/download/colorette-1.2.2.tgz}
    dev: true

  /compute-scroll-into-view/1.0.17:
    resolution: {integrity: sha1-aojxis2dQunPS6pr7H4FImB6t6s=, tarball: https://r.cnpmjs.org/compute-scroll-into-view/download/compute-scroll-into-view-1.0.17.tgz}
    dev: false

  /concat-map/0.0.1:
    resolution: {integrity: sha1-2Klr13/Wjfd5OnMDajug1UBdR3s=, tarball: https://r.cnpmjs.org/concat-map/download/concat-map-0.0.1.tgz}
    dev: true

  /consolidate/0.16.0:
    resolution: {integrity: sha1-oRhkdokw8vGUMWYKZZBmaPX73BY=, tarball: https://r.cnpmjs.org/consolidate/download/consolidate-0.16.0.tgz}
    engines: {node: '>= 0.10.0'}
    dependencies:
      bluebird: 3.7.2
    dev: true

  /copy-anything/2.0.3:
    resolution: {integrity: sha1-hCQHugJGaw34RIGbvjuuu+XUXYc=, tarball: https://r.cnpmjs.org/copy-anything/download/copy-anything-2.0.3.tgz}
    dependencies:
      is-what: 3.14.1
    dev: true

  /core-js/3.15.2:
    resolution: {integrity: sha1-dAZg0v9V7zTOZk1+JFURnFvdPWE=, tarball: https://r.cnpmjs.org/core-js/download/core-js-3.15.2.tgz}
    requiresBuild: true
    dev: false

  /core-util-is/1.0.2:
    resolution: {integrity: sha1-tf1UIgqivFq1eqtxQMlAdUUDwac=, tarball: https://r.cnpmjs.org/core-util-is/download/core-util-is-1.0.2.tgz}
    dev: true

  /cssesc/3.0.0:
    resolution: {integrity: sha1-N3QZGZA7hoVl4cCep0dEXNGJg+4=, tarball: https://r.cnpmjs.org/cssesc/download/cssesc-3.0.0.tgz}
    engines: {node: '>=4'}
    hasBin: true
    dev: true

  /csstype/2.6.17:
    resolution: {integrity: sha1-TPMOuH4dGgBdi2UQ+VKSQT9qHA4=, tarball: https://r.cnpmjs.org/csstype/download/csstype-2.6.17.tgz}
    dev: false

  /debug/3.2.7:
    resolution: {integrity: sha1-clgLfpFF+zm2Z2+cXl+xALk0F5o=, tarball: https://r.cnpmjs.org/debug/download/debug-3.2.7.tgz}
    dependencies:
      ms: 2.1.3
    dev: true
    optional: true

  /dom-align/1.12.2:
    resolution: {integrity: sha1-D4Fk69DJwhsMeQMQSTzYVYkqzUs=, tarball: https://r.cnpmjs.org/dom-align/download/dom-align-1.12.2.tgz}
    dev: false

  /dom-scroll-into-view/2.0.1:
    resolution: {integrity: sha1-DezIUigB/Y0/HGujVadNOCxfmJs=, tarball: https://r.cnpmjs.org/dom-scroll-into-view/download/dom-scroll-into-view-2.0.1.tgz}
    dev: false

  /duplexer2/0.1.4:
    resolution: {integrity: sha1-ixLauHjA1p4+eJEFFmKjL8a93ME=, tarball: https://r.cnpmjs.org/duplexer2/download/duplexer2-0.1.4.tgz}
    dependencies:
      readable-stream: 2.3.7
    dev: true

  /emojis-list/3.0.0:
    resolution: {integrity: sha1-VXBmIEatKeLpFucariYKvf9Pang=, tarball: https://r.cnpmjs.org/emojis-list/download/emojis-list-3.0.0.tgz}
    engines: {node: '>= 4'}
    dev: true

  /errno/0.1.8:
    resolution: {integrity: sha1-i7Ppx9Rjvkl2/4iPdrSAnrwugR8=, tarball: https://r.cnpmjs.org/errno/download/errno-0.1.8.tgz}
    hasBin: true
    dependencies:
      prr: 1.0.1
    dev: true
    optional: true

  /esbuild/0.12.15:
    resolution: {integrity: sha1-nZnPOa6yGIJlxZg+mD4jaCnwivA=, tarball: https://r.cnpmjs.org/esbuild/download/esbuild-0.12.15.tgz}
    hasBin: true
    requiresBuild: true
    dev: true

  /estree-walker/2.0.2:
    resolution: {integrity: sha1-UvAQF4wqTBF6d1fP6UKtt9LaTKw=, tarball: https://r.cnpmjs.org/estree-walker/download/estree-walker-2.0.2.tgz}

  /follow-redirects/1.14.1:
    resolution: {integrity: sha1-2RFN7Qoc/dM04WTmZirQK/2R/0M=, tarball: https://r.cnpmjs.org/follow-redirects/download/follow-redirects-1.14.1.tgz}
    engines: {node: '>=4.0'}
    dev: false

  /fs.realpath/1.0.0:
    resolution: {integrity: sha1-FQStJSMVjKpA20onh8sBQRmU6k8=, tarball: https://r.cnpmjs.org/fs.realpath/download/fs.realpath-1.0.0.tgz}
    dev: true

  /fsevents/2.3.2:
    resolution: {integrity: sha1-ilJveLj99GI7cJ4Ll1xSwkwC/Ro=, tarball: https://r.cnpmjs.org/fsevents/download/fsevents-2.3.2.tgz}
    engines: {node: ^8.16.0 || ^10.6.0 || >=11.0.0}
    dev: true
    optional: true

  /fstream/1.0.12:
    resolution: {integrity: sha1-Touo7i1Ivk99DeUFRVVI6uWTIEU=, tarball: https://r.cnpmjs.org/fstream/download/fstream-1.0.12.tgz}
    engines: {node: '>=0.6'}
    dependencies:
      graceful-fs: 4.2.6
      inherits: 2.0.4
      mkdirp: 0.5.5
      rimraf: 2.7.1
    dev: true

  /function-bind/1.1.1:
    resolution: {integrity: sha1-pWiZ0+o8m6uHS7l3O3xe3pL0iV0=, tarball: https://r.cnpmjs.org/function-bind/download/function-bind-1.1.1.tgz}
    dev: true

  /generic-names/2.0.1:
    resolution: {integrity: sha1-+KN46tLMqno08DF7BVVIMq5BuHI=, tarball: https://r.cnpmjs.org/generic-names/download/generic-names-2.0.1.tgz}
    dependencies:
      loader-utils: 1.4.0
    dev: true

  /glob/7.1.7:
    resolution: {integrity: sha1-Oxk+kjPwHULQs/eClLvutBj5SpA=, tarball: https://r.cnpmjs.org/glob/download/glob-7.1.7.tgz}
    dependencies:
      fs.realpath: 1.0.0
      inflight: 1.0.6
      inherits: 2.0.4
      minimatch: 3.0.4
      once: 1.4.0
      path-is-absolute: 1.0.1
    dev: true

  /graceful-fs/4.2.6:
    resolution: {integrity: sha1-/wQLKwhTsjw9MQJ1I3BvGIXXa+4=, tarball: https://r.cnpmjs.org/graceful-fs/download/graceful-fs-4.2.6.tgz}
    dev: true

  /has/1.0.3:
    resolution: {integrity: sha1-ci18v8H2qoJB8W3YFOAR4fQeh5Y=, tarball: https://r.cnpmjs.org/has/download/has-1.0.3.tgz}
    engines: {node: '>= 0.4.0'}
    dependencies:
      function-bind: 1.1.1
    dev: true

  /hash-sum/2.0.0:
    resolution: {integrity: sha1-gdAbtd6OpKIUrV1urRtSNGCwtFo=, tarball: https://r.cnpmjs.org/hash-sum/download/hash-sum-2.0.0.tgz}
    dev: true

  /iconv-lite/0.4.24:
    resolution: {integrity: sha1-ICK0sl+93CHS9SSXSkdKr+czkIs=, tarball: https://r.cnpmjs.org/iconv-lite/download/iconv-lite-0.4.24.tgz}
    engines: {node: '>=0.10.0'}
    dependencies:
      safer-buffer: 2.1.2
    dev: true
    optional: true

  /icss-replace-symbols/1.1.0:
    resolution: {integrity: sha1-Bupvg2ead0njhs/h/oEq5dsiPe0=, tarball: https://r.cnpmjs.org/icss-replace-symbols/download/icss-replace-symbols-1.1.0.tgz}
    dev: true

  /icss-utils/5.1.0_postcss@8.3.6:
    resolution: {integrity: sha1-xr5oWKvQE9do6YNmrkfiXViHsa4=, tarball: https://r.cnpmjs.org/icss-utils/download/icss-utils-5.1.0.tgz}
    engines: {node: ^10 || ^12 || >= 14}
    peerDependencies:
      postcss: ^8.1.0
    dependencies:
      postcss: 8.3.6
    dev: true

  /image-size/0.5.5:
    resolution: {integrity: sha1-Cd/Uq50g4p6xw+gLiZA3jfnjy5w=, tarball: https://r.cnpmjs.org/image-size/download/image-size-0.5.5.tgz}
    engines: {node: '>=0.10.0'}
    hasBin: true
    dev: true
    optional: true

  /inflight/1.0.6:
    resolution: {integrity: sha1-Sb1jMdfQLQwJvJEKEHW6gWW1bfk=, tarball: https://r.cnpmjs.org/inflight/download/inflight-1.0.6.tgz}
    dependencies:
      once: 1.4.0
      wrappy: 1.0.2
    dev: true

  /inherits/2.0.4:
    resolution: {integrity: sha1-D6LGT5MpF8NDOg3tVTY6rjdBa3w=, tarball: https://r.cnpmjs.org/inherits/download/inherits-2.0.4.tgz}
    dev: true

  /is-core-module/2.5.0:
    resolution: {integrity: sha1-91SENhfHC/0pt72HMnQAzaXBhJE=, tarball: https://r.cnpmjs.org/is-core-module/download/is-core-module-2.5.0.tgz}
    dependencies:
      has: 1.0.3
    dev: true

  /is-plain-object/3.0.1:
    resolution: {integrity: sha1-Zi2S0kwKpDAkB7DUXSHyJRyF+Fs=, tarball: https://r.cnpmjs.org/is-plain-object/download/is-plain-object-3.0.1.tgz}
    engines: {node: '>=0.10.0'}
    dev: false

  /is-what/3.14.1:
    resolution: {integrity: sha1-4SIvRt3ahd6tD9HJ3xMXYOd3VcE=, tarball: https://r.cnpmjs.org/is-what/download/is-what-3.14.1.tgz}
    dev: true

  /isarray/1.0.0:
    resolution: {integrity: sha1-u5NdSFgsuhaMBoNJV6VKPgcSTxE=, tarball: https://r.cnpmjs.org/isarray/download/isarray-1.0.0.tgz}
    dev: true

  /js-tokens/4.0.0:
    resolution: {integrity: sha1-GSA/tZmR35jjoocFDUZHzerzJJk=, tarball: https://r.cnpmjs.org/js-tokens/download/js-tokens-4.0.0.tgz}
    dev: false

  /json5/1.0.1:
    resolution: {integrity: sha1-d5+wAYYE+oVOrL9iUhgNg1Q+Pb4=, tarball: https://r.cnpmjs.org/json5/download/json5-1.0.1.tgz}
    hasBin: true
    dependencies:
      minimist: 1.2.5
    dev: true

  /less/4.1.1:
    resolution: {integrity: sha1-Fb8lOpk5eR3GkIiMP/Qk8+bH7bo=, tarball: https://r.cnpmjs.org/less/download/less-4.1.1.tgz}
    engines: {node: '>=6'}
    hasBin: true
    dependencies:
      copy-anything: 2.0.3
      parse-node-version: 1.0.1
      tslib: 1.14.1
    optionalDependencies:
      errno: 0.1.8
      graceful-fs: 4.2.6
      image-size: 0.5.5
      make-dir: 2.1.0
      mime: 1.6.0
      needle: 2.8.0
      source-map: 0.6.1
    dev: true

  /listenercount/1.0.1:
    resolution: {integrity: sha1-hMinKrWcRyUyFIDJdeZQg0LnCTc=, tarball: https://r.cnpmjs.org/listenercount/download/listenercount-1.0.1.tgz}
    dev: true

  /loader-utils/1.4.0:
    resolution: {integrity: sha1-xXm140yzSxp07cbB+za/o3HVphM=, tarball: https://r.cnpmjs.org/loader-utils/download/loader-utils-1.4.0.tgz}
    engines: {node: '>=4.0.0'}
    dependencies:
      big.js: 5.2.2
      emojis-list: 3.0.0
      json5: 1.0.1
    dev: true

  /lodash-es/4.17.21:
    resolution: {integrity: sha1-Q+YmxG5lkbd1C+srUBFzkMYJ4+4=, tarball: https://r.cnpmjs.org/lodash-es/download/lodash-es-4.17.21.tgz}
    dev: false

  /lodash.camelcase/4.3.0:
    resolution: {integrity: sha1-soqmKIorn8ZRA1x3EfZathkDMaY=, tarball: https://r.cnpmjs.org/lodash.camelcase/download/lodash.camelcase-4.3.0.tgz}
    dev: true

  /lodash/4.17.21:
    resolution: {integrity: sha1-Z5WRxWTDv/quhFTPCz3zcMPWkRw=, tarball: https://r.cnpmjs.org/lodash/download/lodash-4.17.21.tgz}
    dev: false

  /loose-envify/1.4.0:
    resolution: {integrity: sha1-ce5R+nvkyuwaY4OffmgtgTLTDK8=, tarball: https://r.cnpmjs.org/loose-envify/download/loose-envify-1.4.0.tgz}
    hasBin: true
    dependencies:
      js-tokens: 4.0.0
    dev: false

  /lru-cache/5.1.1:
    resolution: {integrity: sha1-HaJ+ZxAnGUdpXa9oSOhH8B2EuSA=, tarball: https://r.cnpmjs.org/lru-cache/download/lru-cache-5.1.1.tgz}
    dependencies:
      yallist: 3.1.1
    dev: true

  /magic-string/0.25.7:
    resolution: {integrity: sha1-P0l9b9NMZpxnmNy4IfLvMfVEUFE=, tarball: https://r.cnpmjs.org/magic-string/download/magic-string-0.25.7.tgz}
    dependencies:
      sourcemap-codec: 1.4.8
    dev: true

  /make-dir/2.1.0:
    resolution: {integrity: sha1-XwMQ4YuL6JjMBwCSlaMK5B6R5vU=, tarball: https://r.cnpmjs.org/make-dir/download/make-dir-2.1.0.tgz}
    engines: {node: '>=6'}
    dependencies:
      pify: 4.0.1
      semver: 5.7.1
    dev: true
    optional: true

  /merge-source-map/1.1.0:
    resolution: {integrity: sha1-L93n5gIJOfcJBqaPLXrmheTIxkY=, tarball: https://r.cnpmjs.org/merge-source-map/download/merge-source-map-1.1.0.tgz}
    dependencies:
      source-map: 0.6.1
    dev: true

  /mime/1.6.0:
    resolution: {integrity: sha1-Ms2eXGRVO9WNGaVor0Uqz/BJgbE=, tarball: https://r.cnpmjs.org/mime/download/mime-1.6.0.tgz}
    engines: {node: '>=4'}
    hasBin: true
    dev: true
    optional: true

  /minimatch/3.0.4:
    resolution: {integrity: sha1-UWbihkV/AzBgZL5Ul+jbsMPTIIM=, tarball: https://r.cnpmjs.org/minimatch/download/minimatch-3.0.4.tgz}
    dependencies:
      brace-expansion: 1.1.11
    dev: true

  /minimist/1.2.5:
    resolution: {integrity: sha1-Z9ZgFLZqaoqqDAg8X9WN9OTpdgI=, tarball: https://r.cnpmjs.org/minimist/download/minimist-1.2.5.tgz}
    dev: true

  /mkdirp/0.5.5:
    resolution: {integrity: sha1-2Rzv1i0UNsoPQWIOJRKI1CAJne8=, tarball: https://r.cnpmjs.org/mkdirp/download/mkdirp-0.5.5.tgz}
    hasBin: true
    dependencies:
      minimist: 1.2.5
    dev: true

  /moment/2.29.1:
    resolution: {integrity: sha1-sr52n6MZQL6e7qZGnAdeNQBvo9M=, tarball: https://r.cnpmjs.org/moment/download/moment-2.29.1.tgz}
    dev: false

  /ms/2.1.3:
    resolution: {integrity: sha1-V0yBOM4dK1hh8LRFedut1gxmFbI=, tarball: https://r.cnpmjs.org/ms/download/ms-2.1.3.tgz}
    dev: true
    optional: true

  /nanoid/3.1.23:
    resolution: {integrity: sha1-90QIbOfCvEfuCoRyV01ceOQYOoE=, tarball: https://r.cnpmjs.org/nanoid/download/nanoid-3.1.23.tgz}
    engines: {node: ^10 || ^12 || ^13.7 || ^14 || >=15.0.1}
    hasBin: true
    dev: true

  /nanopop/2.1.0:
    resolution: {integrity: sha1-I0dlE87iQFiIr9LopLVAZrcLnmA=, tarball: https://r.cnpmjs.org/nanopop/download/nanopop-2.1.0.tgz}
    dev: false

  /needle/2.8.0:
    resolution: {integrity: sha1-HI75waLCncweg9c4Cde8aByAoEg=, tarball: https://r.cnpmjs.org/needle/download/needle-2.8.0.tgz}
    engines: {node: '>= 4.4.x'}
    hasBin: true
    dependencies:
      debug: 3.2.7
      iconv-lite: 0.4.24
      sax: 1.2.4
    dev: true
    optional: true

  /omit.js/2.0.2:
    resolution: {integrity: sha1-3ZuENvq5R6Xz/yFMslOGMeMT7C8=, tarball: https://r.cnpmjs.org/omit.js/download/omit.js-2.0.2.tgz}
    dev: false

  /once/1.4.0:
    resolution: {integrity: sha1-WDsap3WWHUsROsF9nFC6753Xa9E=, tarball: https://r.cnpmjs.org/once/download/once-1.4.0.tgz}
    dependencies:
      wrappy: 1.0.2
    dev: true

  /parse-node-version/1.0.1:
    resolution: {integrity: sha1-4rXb7eAOf6m8NjYH9TMn6LBzGJs=, tarball: https://r.cnpmjs.org/parse-node-version/download/parse-node-version-1.0.1.tgz}
    engines: {node: '>= 0.10'}
    dev: true

  /path-is-absolute/1.0.1:
    resolution: {integrity: sha1-F0uSaHNVNP+8es5r9TpanhtcX18=, tarball: https://r.cnpmjs.org/path-is-absolute/download/path-is-absolute-1.0.1.tgz}
    engines: {node: '>=0.10.0'}
    dev: true

  /path-parse/1.0.7:
    resolution: {integrity: sha1-+8EUtgykKzDZ2vWFjkvWi77bZzU=, tarball: https://r.cnpmjs.org/path-parse/download/path-parse-1.0.7.tgz}
    dev: true

  /pify/4.0.1:
    resolution: {integrity: sha1-SyzSXFDVmHNcUCkiJP2MbfQeMjE=, tarball: https://r.cnpmjs.org/pify/download/pify-4.0.1.tgz}
    engines: {node: '>=6'}
    dev: true
    optional: true

  /postcss-modules-extract-imports/3.0.0_postcss@8.3.6:
    resolution: {integrity: sha1-zaHwR8CugMl9vijD52pDuIAldB0=, tarball: https://r.cnpmjs.org/postcss-modules-extract-imports/download/postcss-modules-extract-imports-3.0.0.tgz}
    engines: {node: ^10 || ^12 || >= 14}
    peerDependencies:
      postcss: ^8.1.0
    dependencies:
      postcss: 8.3.6
    dev: true

  /postcss-modules-local-by-default/4.0.0_postcss@8.3.6:
    resolution: {integrity: sha1-67tU+uFZjuz99pGgKz/zs5ClpRw=, tarball: https://r.cnpmjs.org/postcss-modules-local-by-default/download/postcss-modules-local-by-default-4.0.0.tgz}
    engines: {node: ^10 || ^12 || >= 14}
    peerDependencies:
      postcss: ^8.1.0
    dependencies:
      icss-utils: 5.1.0_postcss@8.3.6
      postcss: 8.3.6
      postcss-selector-parser: 6.0.6
      postcss-value-parser: 4.1.0
    dev: true

  /postcss-modules-scope/3.0.0_postcss@8.3.6:
    resolution: {integrity: sha1-nvMVFFbTu/oSDKRImN/Kby+gHwY=, tarball: https://r.cnpmjs.org/postcss-modules-scope/download/postcss-modules-scope-3.0.0.tgz}
    engines: {node: ^10 || ^12 || >= 14}
    peerDependencies:
      postcss: ^8.1.0
    dependencies:
      postcss: 8.3.6
      postcss-selector-parser: 6.0.6
    dev: true

  /postcss-modules-values/4.0.0_postcss@8.3.6:
    resolution: {integrity: sha1-18Xn5ow7s8myfL9Iyguz/7RgLJw=, tarball: https://r.cnpmjs.org/postcss-modules-values/download/postcss-modules-values-4.0.0.tgz}
    engines: {node: ^10 || ^12 || >= 14}
    peerDependencies:
      postcss: ^8.1.0
    dependencies:
      icss-utils: 5.1.0_postcss@8.3.6
      postcss: 8.3.6
    dev: true

  /postcss-modules/4.2.2_postcss@8.3.6:
    resolution: {integrity: sha1-Xnd3xaiWTqF2kZ2QsuVO+JEyHOU=, tarball: https://r.cnpmjs.org/postcss-modules/download/postcss-modules-4.2.2.tgz}
    peerDependencies:
      postcss: ^8.0.0
    dependencies:
      generic-names: 2.0.1
      icss-replace-symbols: 1.1.0
      lodash.camelcase: 4.3.0
      postcss: 8.3.6
      postcss-modules-extract-imports: 3.0.0_postcss@8.3.6
      postcss-modules-local-by-default: 4.0.0_postcss@8.3.6
      postcss-modules-scope: 3.0.0_postcss@8.3.6
      postcss-modules-values: 4.0.0_postcss@8.3.6
      string-hash: 1.1.3
    dev: true

  /postcss-selector-parser/6.0.6:
    resolution: {integrity: sha1-LFu6gXSsL2mBq2MaQqsO5UrzMuo=, tarball: https://r.cnpmjs.org/postcss-selector-parser/download/postcss-selector-parser-6.0.6.tgz}
    engines: {node: '>=4'}
    dependencies:
      cssesc: 3.0.0
      util-deprecate: 1.0.2
    dev: true

  /postcss-value-parser/4.1.0:
    resolution: {integrity: sha1-RD9qIM7WSBor2k+oUypuVdeJoss=, tarball: https://r.cnpmjs.org/postcss-value-parser/download/postcss-value-parser-4.1.0.tgz}
    dev: true

  /postcss/8.3.6:
    resolution: {integrity: sha1-JzDddql5afN/U7mmCWGXvjEcxOo=, tarball: https://r.cnpmjs.org/postcss/download/postcss-8.3.6.tgz}
    engines: {node: ^10 || ^12 || >=14}
    dependencies:
      colorette: 1.2.2
      nanoid: 3.1.23
      source-map-js: 0.6.2
    dev: true

  /process-nextick-args/2.0.1:
    resolution: {integrity: sha1-eCDZsWEgzFXKmud5JoCufbptf+I=, tarball: https://r.cnpmjs.org/process-nextick-args/download/process-nextick-args-2.0.1.tgz}
    dev: true

  /prr/1.0.1:
    resolution: {integrity: sha1-0/wRS6BplaRexok/SEzrHXj19HY=, tarball: https://r.cnpmjs.org/prr/download/prr-1.0.1.tgz}
    dev: true
    optional: true

  /readable-stream/2.3.7:
    resolution: {integrity: sha1-Hsoc9xGu+BTAT2IlKjamL2yyO1c=, tarball: https://r.cnpmjs.org/readable-stream/download/readable-stream-2.3.7.tgz}
    dependencies:
      core-util-is: 1.0.2
      inherits: 2.0.4
      isarray: 1.0.0
      process-nextick-args: 2.0.1
      safe-buffer: 5.1.2
      string_decoder: 1.1.1
      util-deprecate: 1.0.2
    dev: true

  /regenerator-runtime/0.13.9:
    resolution: {integrity: sha1-iSV0Kpj/2QgUmI11Zq0wyjsmO1I=, tarball: https://r.cnpmjs.org/regenerator-runtime/download/regenerator-runtime-0.13.9.tgz}
    dev: false

  /resolve/1.20.0:
    resolution: {integrity: sha1-YpoBP7P3B1XW8LeTXMHCxTeLGXU=, tarball: https://r.cnpmjs.org/resolve/download/resolve-1.20.0.tgz}
    dependencies:
      is-core-module: 2.5.0
      path-parse: 1.0.7
    dev: true

  /rimraf/2.7.1:
    resolution: {integrity: sha1-NXl/E6f9rcVmFCwp1PB8ytSD4+w=, tarball: https://r.cnpmjs.org/rimraf/download/rimraf-2.7.1.tgz}
    hasBin: true
    dependencies:
      glob: 7.1.7
    dev: true

  /rollup/2.54.0:
    resolution: {integrity: sha1-meqBbo6bHGrzq5V6TnqPeNvYd3M=, tarball: https://r.cnpmjs.org/rollup/download/rollup-2.54.0.tgz}
    engines: {node: '>=10.0.0'}
    hasBin: true
    optionalDependencies:
      fsevents: 2.3.2
    dev: true

  /safe-buffer/5.1.2:
    resolution: {integrity: sha1-mR7GnSluAxN0fVm9/St0XDX4go0=, tarball: https://r.cnpmjs.org/safe-buffer/download/safe-buffer-5.1.2.tgz}
    dev: true

  /safer-buffer/2.1.2:
    resolution: {integrity: sha1-RPoWGwGHuVSd2Eu5GAL5vYOFzWo=, tarball: https://r.cnpmjs.org/safer-buffer/download/safer-buffer-2.1.2.tgz}
    dev: true
    optional: true

  /sax/1.2.4:
    resolution: {integrity: sha1-KBYjTiN4vdxOU1T6tcqold9xANk=, tarball: https://r.cnpmjs.org/sax/download/sax-1.2.4.tgz}
    dev: true
    optional: true

  /scroll-into-view-if-needed/2.2.28:
    resolution: {integrity: sha1-WhWy9YpSZCyIyOylhGROAXA9ZFo=, tarball: https://r.cnpmjs.org/scroll-into-view-if-needed/download/scroll-into-view-if-needed-2.2.28.tgz}
    dependencies:
      compute-scroll-into-view: 1.0.17
    dev: false

  /semver/5.7.1:
    resolution: {integrity: sha1-qVT5Ma66UI0we78Gnv8MAclhFvc=, tarball: https://r.cnpmjs.org/semver/download/semver-5.7.1.tgz}
    hasBin: true
    dev: true
    optional: true

  /setimmediate/1.0.5:
    resolution: {integrity: sha1-KQy7Iy4waULX1+qbg3Mqt4VvgoU=, tarball: https://r.cnpmjs.org/setimmediate/download/setimmediate-1.0.5.tgz}
    dev: true

  /shallow-equal/1.2.1:
    resolution: {integrity: sha1-TBar+lYEOqINBQMk76aJQLDaedo=, tarball: https://r.cnpmjs.org/shallow-equal/download/shallow-equal-1.2.1.tgz}
    dev: false

  /source-map-js/0.6.2:
    resolution: {integrity: sha1-C7XeYxtBz72mz7qL0FqA79/SOF4=, tarball: https://r.cnpmjs.org/source-map-js/download/source-map-js-0.6.2.tgz}
    engines: {node: '>=0.10.0'}
    dev: true

  /source-map/0.6.1:
    resolution: {integrity: sha1-dHIq8y6WFOnCh6jQu95IteLxomM=, tarball: https://r.cnpmjs.org/source-map/download/source-map-0.6.1.tgz}
    engines: {node: '>=0.10.0'}

  /sourcemap-codec/1.4.8:
    resolution: {integrity: sha1-6oBL2UhXQC5pktBaOO8a41qatMQ=, tarball: https://r.cnpmjs.org/sourcemap-codec/download/sourcemap-codec-1.4.8.tgz}
    dev: true

  /store2/2.12.0:
    resolution: {integrity: sha1-4fG34aWbYIOyWWqNBn9u6I/U088=, tarball: https://r.cnpmjs.org/store2/download/store2-2.12.0.tgz}
    dev: false

  /string-hash/1.1.3:
    resolution: {integrity: sha1-6Kr8CsGFW0Zmkp7X3RJ1311sgRs=, tarball: https://r.cnpmjs.org/string-hash/download/string-hash-1.1.3.tgz}
    dev: true

  /string_decoder/1.1.1:
    resolution: {integrity: sha1-nPFhG6YmhdcDCunkujQUnDrwP8g=, tarball: https://r.cnpmjs.org/string_decoder/download/string_decoder-1.1.1.tgz}
    dependencies:
      safe-buffer: 5.1.2
    dev: true

  /to-fast-properties/2.0.0:
    resolution: {integrity: sha1-3F5pjL0HkmW8c+A3doGk5Og/YW4=, tarball: https://r.cnpmjs.org/to-fast-properties/download/to-fast-properties-2.0.0.tgz}
    engines: {node: '>=4'}

  /traverse/0.3.9:
    resolution: {integrity: sha1-cXuPIgzAu3tE5AUUwisui7xw2Lk=, tarball: https://r.cnpmjs.org/traverse/download/traverse-0.3.9.tgz}
    dev: true

  /tslib/1.14.1:
    resolution: {integrity: sha1-zy04vcNKE0vK8QkcQfZhni9nLQA=, tarball: https://r.cnpmjs.org/tslib/download/tslib-1.14.1.tgz}
    dev: true

  /typescript/4.3.5:
    resolution: {integrity: sha1-TRw3zBbok5c8RaBohrcRMjTxGfQ=, tarball: https://r.cnpmjs.org/typescript/download/typescript-4.3.5.tgz}
    engines: {node: '>=4.2.0'}
    hasBin: true
    dev: true

  /unzipper/0.10.11:
    resolution: {integrity: sha1-C0mRRGRyy9uS7nQDkJ8mwkGceC4=, tarball: https://r.cnpmjs.org/unzipper/download/unzipper-0.10.11.tgz}
    dependencies:
      big-integer: 1.6.48
      binary: 0.3.0
      bluebird: 3.4.7
      buffer-indexof-polyfill: 1.0.2
      duplexer2: 0.1.4
      fstream: 1.0.12
      graceful-fs: 4.2.6
      listenercount: 1.0.1
      readable-stream: 2.3.7
      setimmediate: 1.0.5
    dev: true

  /util-deprecate/1.0.2:
    resolution: {integrity: sha1-RQ1Nyfpw3nMnYvvS1KKJgUGaDM8=, tarball: https://r.cnpmjs.org/util-deprecate/download/util-deprecate-1.0.2.tgz}
    dev: true

  /vite/2.4.3:
    resolution: {integrity: sha1-/kqnjp3X02vLEuzL1SMTsmz633c=, tarball: https://r.cnpmjs.org/vite/download/vite-2.4.3.tgz}
    engines: {node: '>=12.0.0'}
    hasBin: true
    dependencies:
      esbuild: 0.12.15
      postcss: 8.3.6
      resolve: 1.20.0
      rollup: 2.54.0
    optionalDependencies:
      fsevents: 2.3.2
    dev: true

  /vue-router/4.0.10_vue@3.1.5:
    resolution: {integrity: sha1-7I/aAylJsqMdMnMXD483bobrUqw=, tarball: https://r.cnpmjs.org/vue-router/download/vue-router-4.0.10.tgz}
    peerDependencies:
      vue: ^3.0.0
    dependencies:
      '@vue/devtools-api': 6.0.0-beta.15
      vue: 3.1.5
    dev: false

  /vue-tsc/0.0.24:
    resolution: {integrity: sha1-DNkNtnn1PqFpQlS4Zj/bPWJKCHI=, tarball: https://r.cnpmjs.org/vue-tsc/download/vue-tsc-0.0.24.tgz}
    hasBin: true
    dependencies:
      unzipper: 0.10.11
    dev: true

  /vue-types/3.0.2_vue@3.1.5:
    resolution: {integrity: sha1-7BbgXUEsA4Ji/B76TOuWR+f7YB0=, tarball: https://r.cnpmjs.org/vue-types/download/vue-types-3.0.2.tgz}
    engines: {node: '>=10.15.0'}
    peerDependencies:
      vue: ^3.0.0
    dependencies:
      is-plain-object: 3.0.1
      vue: 3.1.5
    dev: false

  /vue/3.1.5:
    resolution: {integrity: sha1-EoebEdBoXuRHjIhpVReZYwpS+f4=, tarball: https://r.cnpmjs.org/vue/download/vue-3.1.5.tgz}
    dependencies:
      '@vue/compiler-dom': 3.1.5
      '@vue/runtime-dom': 3.1.5
      '@vue/shared': 3.1.5
    dev: false

  /vuex/4.0.2_vue@3.1.5:
    resolution: {integrity: sha1-+Jbb1b8qDpY/AMZ+m2EN50nMrMk=, tarball: https://r.cnpmjs.org/vuex/download/vuex-4.0.2.tgz}
    peerDependencies:
      vue: ^3.0.2
    dependencies:
      '@vue/devtools-api': 6.0.0-beta.15
      vue: 3.1.5
    dev: false

  /warning/4.0.3:
    resolution: {integrity: sha1-Fungd+uKhtavfWSqHgX9hbRnjKM=, tarball: https://r.cnpmjs.org/warning/download/warning-4.0.3.tgz}
    dependencies:
      loose-envify: 1.4.0
    dev: false

  /wrappy/1.0.2:
    resolution: {integrity: sha1-tSQ9jz7BqjXxNkYFvA0QNuMKtp8=, tarball: https://r.cnpmjs.org/wrappy/download/wrappy-1.0.2.tgz}
    dev: true

  /yallist/3.1.1:
    resolution: {integrity: sha1-27fa+b/YusmrRev2ArjLrQ1dCP0=, tarball: https://r.cnpmjs.org/yallist/download/yallist-3.1.1.tgz}
    dev: true
